
Microsoft Visual Studio Solution File, Format Version 12.00
# Visual Studio Version 17
VisualStudioVersion = 17.14.36414.22 d17.14
MinimumVisualStudioVersion = 10.0.40219.1
Project("{FAE04EC0-301F-11D3-BF4B-00C04F79EFBC}") = "SecureLoginApi.Pg", "SecureLoginApi.Pg.csproj", "{FEE56F53-2858-36E6-3C14-8C288B6BFD97}"
EndProject
Global
	GlobalSection(SolutionConfigurationPlatforms) = preSolution
		Debug|Any CPU = Debug|Any CPU
		Release|Any CPU = Release|Any CPU
	EndGlobalSection
	GlobalSection(ProjectConfigurationPlatforms) = postSolution
		{FEE56F53-2858-36E6-3C14-8C288B6BFD97}.Debug|Any CPU.ActiveCfg = Debug|Any CPU
		{FEE56F53-2858-36E6-3C14-8C288B6BFD97}.Debug|Any CPU.Build.0 = Debug|Any CPU
		{FEE56F53-2858-36E6-3C14-8C288B6BFD97}.Release|Any CPU.ActiveCfg = Release|Any CPU
		{FEE56F53-2858-36E6-3C14-8C288B6BFD97}.Release|Any CPU.Build.0 = Release|Any CPU
	EndGlobalSection
	GlobalSection(SolutionProperties) = preSolution
		HideSolutionNode = FALSE
	EndGlobalSection
	GlobalSection(ExtensibilityGlobals) = postSolution
		SolutionGuid = {8C92D50A-D1F5-4B6E-845B-9306E65229E5}
	EndGlobalSection
EndGlobal
